{
  "nodes": {
    "nixpkgs": {
      "locked": {
        "lastModified": 0,
        "narHash": "sha256-I/QXtrqznq1321mYR9TyMPX/zCWb9iAH64hO+pEBY00=",
        "path": "/nix/store/w49r7p5mqixi3najc7yzw3zb1k651b30-source",
        "rev": "06f3516b0397bd241bde2daefc8538fc886c5467",
        "type": "path"
      },
      "original": {
        "id": "nixpkgs",
        "type": "indirect"
      }
    },
    "root": {
      "inputs": {
        "nixpkgs": "nixpkgs",
        "rust-overlay": "rust-overlay"
      }
    },
    "rust-overlay": {
      "inputs": {
        "nixpkgs": [
          "nixpkgs"
        ]
      },
      "locked": {
        "lastModified": 1744857263,
        "narHash": "sha256-M4X/CnquHozzgwDk+CbFb8Sb4rSGJttfNOKcpRwziis=",
        "owner": "oxalica",
        "repo": "rust-overlay",
        "rev": "9f3d63d569536cd661a4adcf697e32eb08d61e31",
        "type": "github"
      },
      "original": {
        "owner": "oxalica",
        "repo": "rust-overlay",
        "type": "github"
      }
    }
  },
  "root": "root",
  "version": 7
}
